
Microsoft Visual Studio Solution File, Format Version 12.00
# Visual Studio 14
VisualStudioVersion = 14.0.23107.0
MinimumVisualStudioVersion = 10.0.40219.1
Project("{8BC9CEB8-8B4A-11D0-8D11-00A0C91BC942}") = "Plasma", "Plasma\Plasma.vcxproj", "{29DC5383-C4AE-46BB-9457-DC26C4D9DA10}"
EndProject
Project("{8BC9CEB8-8B4A-11D0-8D11-00A0C91BC942}") = "Industrial Revolution", "Industrial Revolution\Industrial Revolution.vcxproj", "{5A40C4D1-1D8D-4D32-81B4-78254634FAC9}"
	ProjectSection(ProjectDependencies) = postProject
		{29DC5383-C4AE-46BB-9457-DC26C4D9DA10} = {29DC5383-C4AE-46BB-9457-DC26C4D9DA10}
	EndProjectSection
EndProject
Global
	GlobalSection(SolutionConfigurationPlatforms) = preSolution
		Debug|x64 = Debug|x64
		Debug|x86 = Debug|x86
		Release|x64 = Release|x64
		Release|x86 = Release|x86
	EndGlobalSection
	GlobalSection(ProjectConfigurationPlatforms) = postSolution
		{29DC5383-C4AE-46BB-9457-DC26C4D9DA10}.Debug|x64.ActiveCfg = Debug|x64
		{29DC5383-C4AE-46BB-9457-DC26C4D9DA10}.Debug|x64.Build.0 = Debug|x64
		{29DC5383-C4AE-46BB-9457-DC26C4D9DA10}.Debug|x86.ActiveCfg = Debug|Win32
		{29DC5383-C4AE-46BB-9457-DC26C4D9DA10}.Debug|x86.Build.0 = Debug|Win32
		{29DC5383-C4AE-46BB-9457-DC26C4D9DA10}.Release|x64.ActiveCfg = Release|x64
		{29DC5383-C4AE-46BB-9457-DC26C4D9DA10}.Release|x64.Build.0 = Release|x64
		{29DC5383-C4AE-46BB-9457-DC26C4D9DA10}.Release|x86.ActiveCfg = Release|Win32
		{29DC5383-C4AE-46BB-9457-DC26C4D9DA10}.Release|x86.Build.0 = Release|Win32
		{5A40C4D1-1D8D-4D32-81B4-78254634FAC9}.Debug|x64.ActiveCfg = Debug|x64
		{5A40C4D1-1D8D-4D32-81B4-78254634FAC9}.Debug|x64.Build.0 = Debug|x64
		{5A40C4D1-1D8D-4D32-81B4-78254634FAC9}.Debug|x86.ActiveCfg = Debug|Win32
		{5A40C4D1-1D8D-4D32-81B4-78254634FAC9}.Debug|x86.Build.0 = Debug|Win32
		{5A40C4D1-1D8D-4D32-81B4-78254634FAC9}.Release|x64.ActiveCfg = Release|x64
		{5A40C4D1-1D8D-4D32-81B4-78254634FAC9}.Release|x64.Build.0 = Release|x64
		{5A40C4D1-1D8D-4D32-81B4-78254634FAC9}.Release|x86.ActiveCfg = Release|Win32
		{5A40C4D1-1D8D-4D32-81B4-78254634FAC9}.Release|x86.Build.0 = Release|Win32
	EndGlobalSection
	GlobalSection(SolutionProperties) = preSolution
		HideSolutionNode = FALSE
	EndGlobalSection
EndGlobal
